// !$*UTF8*$!
{
	archiveVersion = 1;
	classes = {
	};
	objectVersion = 46;
	objects = {

/* Begin PBXBuildFile section */
		0C08F7AB156458AA008331B7 /* Growl Registration Ticket.growlRegDict in Resources */ = {isa = PBXBuildFile; fileRef = 0C08F7AA156458AA008331B7 /* Growl Registration Ticket.growlRegDict */; };
		0CDE3FB7155DD12F001E7360 /* About.xib in Resources */ = {isa = PBXBuildFile; fileRef = 0CDE3FB6155DD12F001E7360 /* About.xib */; };
		0CDE3FBA155DD890001E7360 /* AboutController.m in Sources */ = {isa = PBXBuildFile; fileRef = 0CDE3FB9155DD890001E7360 /* AboutController.m */; };
		0CE31912155C61160070329B /* Cocoa.framework in Frameworks */ = {isa = PBXBuildFile; fileRef = 0CE31911155C61160070329B /* Cocoa.framework */; };
		0CE3191C155C61160070329B /* InfoPlist.strings in Resources */ = {isa = PBXBuildFile; fileRef = 0CE3191A155C61160070329B /* InfoPlist.strings */; };
		0CE3191E155C61160070329B /* main.m in Sources */ = {isa = PBXBuildFile; fileRef = 0CE3191D155C61160070329B /* main.m */; };
		0CE31922155C61160070329B /* Credits.rtf in Resources */ = {isa = PBXBuildFile; fileRef = 0CE31920155C61160070329B /* Credits.rtf */; };
		0CE31925155C61160070329B /* StatusMenuAppDelegate.m in Sources */ = {isa = PBXBuildFile; fileRef = 0CE31924155C61160070329B /* StatusMenuAppDelegate.m */; };
		0CE31928155C61160070329B /* MainMenu.xib in Resources */ = {isa = PBXBuildFile; fileRef = 0CE31926155C61160070329B /* MainMenu.xib */; };
		0CE31930155C61160070329B /* SenTestingKit.framework in Frameworks */ = {isa = PBXBuildFile; fileRef = 0CE3192F155C61160070329B /* SenTestingKit.framework */; };
		0CE31931155C61160070329B /* Cocoa.framework in Frameworks */ = {isa = PBXBuildFile; fileRef = 0CE31911155C61160070329B /* Cocoa.framework */; };
		0CE31939155C61160070329B /* InfoPlist.strings in Resources */ = {isa = PBXBuildFile; fileRef = 0CE31937155C61160070329B /* InfoPlist.strings */; };
		0CE3193B155C61160070329B /* StatusMenuTests.h in Resources */ = {isa = PBXBuildFile; fileRef = 0CE3193A155C61160070329B /* StatusMenuTests.h */; };
		0CE3193D155C61160070329B /* StatusMenuTests.m in Sources */ = {isa = PBXBuildFile; fileRef = 0CE3193C155C61160070329B /* StatusMenuTests.m */; };
		0CE3194F155C7EB70070329B /* Preferences.xib in Resources */ = {isa = PBXBuildFile; fileRef = 0CE3194E155C7EB70070329B /* Preferences.xib */; };
		0CE31952155C7EE60070329B /* PreferencesController.m in Sources */ = {isa = PBXBuildFile; fileRef = 0CE31951155C7EE60070329B /* PreferencesController.m */; };
		0CE31960155CBF4B0070329B /* NewNSApplication.m in Sources */ = {isa = PBXBuildFile; fileRef = 0CE3195F155CBF4B0070329B /* NewNSApplication.m */; };
/* End PBXBuildFile section */

/* Begin PBXContainerItemProxy section */
		0CE31932155C61160070329B /* PBXContainerItemProxy */ = {
			isa = PBXContainerItemProxy;
			containerPortal = 0CE31904155C61150070329B /* Project object */;
			proxyType = 1;
			remoteGlobalIDString = 0CE3190C155C61160070329B;
			remoteInfo = StatusMenu;
		};
/* End PBXContainerItemProxy section */

/* Begin PBXFileReference section */
		0C08F7AA156458AA008331B7 /* Growl Registration Ticket.growlRegDict */ = {isa = PBXFileReference; fileEncoding = 4; lastKnownFileType = text; path = "Growl Registration Ticket.growlRegDict"; sourceTree = "<group>"; };
		0CDE3FB6155DD12F001E7360 /* About.xib */ = {isa = PBXFileReference; fileEncoding = 4; lastKnownFileType = file.xib; path = About.xib; sourceTree = "<group>"; };
		0CDE3FB8155DD890001E7360 /* AboutController.h */ = {isa = PBXFileReference; fileEncoding = 4; lastKnownFileType = sourcecode.c.h; path = AboutController.h; sourceTree = "<group>"; };
		0CDE3FB9155DD890001E7360 /* AboutController.m */ = {isa = PBXFileReference; fileEncoding = 4; lastKnownFileType = sourcecode.c.objc; path = AboutController.m; sourceTree = "<group>"; };
		0CE3190D155C61160070329B /* StatusMenu.app */ = {isa = PBXFileReference; explicitFileType = wrapper.application; includeInIndex = 0; path = StatusMenu.app; sourceTree = BUILT_PRODUCTS_DIR; };
		0CE31911155C61160070329B /* Cocoa.framework */ = {isa = PBXFileReference; lastKnownFileType = wrapper.framework; name = Cocoa.framework; path = System/Library/Frameworks/Cocoa.framework; sourceTree = SDKROOT; };
		0CE31914155C61160070329B /* AppKit.framework */ = {isa = PBXFileReference; lastKnownFileType = wrapper.framework; name = AppKit.framework; path = System/Library/Frameworks/AppKit.framework; sourceTree = SDKROOT; };
		0CE31915155C61160070329B /* CoreData.framework */ = {isa = PBXFileReference; lastKnownFileType = wrapper.framework; name = CoreData.framework; path = System/Library/Frameworks/CoreData.framework; sourceTree = SDKROOT; };
		0CE31916155C61160070329B /* Foundation.framework */ = {isa = PBXFileReference; lastKnownFileType = wrapper.framework; name = Foundation.framework; path = System/Library/Frameworks/Foundation.framework; sourceTree = SDKROOT; };
		0CE31919155C61160070329B /* StatusMenu-Info.plist */ = {isa = PBXFileReference; lastKnownFileType = text.plist.xml; path = "StatusMenu-Info.plist"; sourceTree = "<group>"; };
		0CE3191B155C61160070329B /* en */ = {isa = PBXFileReference; lastKnownFileType = text.plist.strings; name = en; path = en.lproj/InfoPlist.strings; sourceTree = "<group>"; };
		0CE3191D155C61160070329B /* main.m */ = {isa = PBXFileReference; lastKnownFileType = sourcecode.c.objc; path = main.m; sourceTree = "<group>"; };
		0CE3191F155C61160070329B /* StatusMenu-Prefix.pch */ = {isa = PBXFileReference; lastKnownFileType = sourcecode.c.h; path = "StatusMenu-Prefix.pch"; sourceTree = "<group>"; };
		0CE31921155C61160070329B /* en */ = {isa = PBXFileReference; lastKnownFileType = text.rtf; name = en; path = en.lproj/Credits.rtf; sourceTree = "<group>"; };
		0CE31923155C61160070329B /* StatusMenuAppDelegate.h */ = {isa = PBXFileReference; lastKnownFileType = sourcecode.c.h; path = StatusMenuAppDelegate.h; sourceTree = "<group>"; };
		0CE31924155C61160070329B /* StatusMenuAppDelegate.m */ = {isa = PBXFileReference; lastKnownFileType = sourcecode.c.objc; path = StatusMenuAppDelegate.m; sourceTree = "<group>"; };
		0CE31927155C61160070329B /* en */ = {isa = PBXFileReference; lastKnownFileType = file.xib; name = en; path = en.lproj/MainMenu.xib; sourceTree = "<group>"; };
		0CE3192E155C61160070329B /* StatusMenuTests.octest */ = {isa = PBXFileReference; explicitFileType = wrapper.cfbundle; includeInIndex = 0; path = StatusMenuTests.octest; sourceTree = BUILT_PRODUCTS_DIR; };
		0CE3192F155C61160070329B /* SenTestingKit.framework */ = {isa = PBXFileReference; lastKnownFileType = wrapper.framework; name = SenTestingKit.framework; path = Library/Frameworks/SenTestingKit.framework; sourceTree = DEVELOPER_DIR; };
		0CE31936155C61160070329B /* StatusMenuTests-Info.plist */ = {isa = PBXFileReference; lastKnownFileType = text.plist.xml; path = "StatusMenuTests-Info.plist"; sourceTree = "<group>"; };
		0CE31938155C61160070329B /* en */ = {isa = PBXFileReference; lastKnownFileType = text.plist.strings; name = en; path = en.lproj/InfoPlist.strings; sourceTree = "<group>"; };
		0CE3193A155C61160070329B /* StatusMenuTests.h */ = {isa = PBXFileReference; lastKnownFileType = sourcecode.c.h; path = StatusMenuTests.h; sourceTree = "<group>"; };
		0CE3193C155C61160070329B /* StatusMenuTests.m */ = {isa = PBXFileReference; lastKnownFileType = sourcecode.c.objc; path = StatusMenuTests.m; sourceTree = "<group>"; };
		0CE3194E155C7EB70070329B /* Preferences.xib */ = {isa = PBXFileReference; fileEncoding = 4; lastKnownFileType = file.xib; path = Preferences.xib; sourceTree = "<group>"; };
		0CE31950155C7EE60070329B /* PreferencesController.h */ = {isa = PBXFileReference; fileEncoding = 4; lastKnownFileType = sourcecode.c.h; path = PreferencesController.h; sourceTree = "<group>"; };
		0CE31951155C7EE60070329B /* PreferencesController.m */ = {isa = PBXFileReference; fileEncoding = 4; lastKnownFileType = sourcecode.c.objc; path = PreferencesController.m; sourceTree = "<group>"; };
		0CE3195E155CBF4A0070329B /* NewNSApplication.h */ = {isa = PBXFileReference; fileEncoding = 4; lastKnownFileType = sourcecode.c.h; path = NewNSApplication.h; sourceTree = "<group>"; };
		0CE3195F155CBF4B0070329B /* NewNSApplication.m */ = {isa = PBXFileReference; fileEncoding = 4; lastKnownFileType = sourcecode.c.objc; path = NewNSApplication.m; sourceTree = "<group>"; };
/* End PBXFileReference section */

/* Begin PBXFrameworksBuildPhase section */
		0CE3190A155C61160070329B /* Frameworks */ = {
			isa = PBXFrameworksBuildPhase;
			buildActionMask = 2147483647;
			files = (
				0CE31912155C61160070329B /* Cocoa.framework in Frameworks */,
			);
			runOnlyForDeploymentPostprocessing = 0;
		};
		0CE3192A155C61160070329B /* Frameworks */ = {
			isa = PBXFrameworksBuildPhase;
			buildActionMask = 2147483647;
			files = (
				0CE31930155C61160070329B /* SenTestingKit.framework in Frameworks */,
				0CE31931155C61160070329B /* Cocoa.framework in Frameworks */,
			);
			runOnlyForDeploymentPostprocessing = 0;
		};
/* End PBXFrameworksBuildPhase section */

/* Begin PBXGroup section */
		0CDE3FBB155DD897001E7360 /* About */ = {
			isa = PBXGroup;
			children = (
				0CDE3FB6155DD12F001E7360 /* About.xib */,
				0CDE3FB8155DD890001E7360 /* AboutController.h */,
				0CDE3FB9155DD890001E7360 /* AboutController.m */,
			);
			name = About;
			sourceTree = "<group>";
		};
		0CE31902155C61150070329B = {
			isa = PBXGroup;
			children = (
				0C08F7AA156458AA008331B7 /* Growl Registration Ticket.growlRegDict */,
				0CE31917155C61160070329B /* StatusMenu */,
				0CE31934155C61160070329B /* StatusMenuTests */,
				0CE31910155C61160070329B /* Frameworks */,
				0CE3190E155C61160070329B /* Products */,
			);
			sourceTree = "<group>";
		};
		0CE3190E155C61160070329B /* Products */ = {
			isa = PBXGroup;
			children = (
				0CE3190D155C61160070329B /* StatusMenu.app */,
				0CE3192E155C61160070329B /* StatusMenuTests.octest */,
			);
			name = Products;
			sourceTree = "<group>";
		};
		0CE31910155C61160070329B /* Frameworks */ = {
			isa = PBXGroup;
			children = (
				0CE31911155C61160070329B /* Cocoa.framework */,
				0CE3192F155C61160070329B /* SenTestingKit.framework */,
				0CE31913155C61160070329B /* Other Frameworks */,
			);
			name = Frameworks;
			sourceTree = "<group>";
		};
		0CE31913155C61160070329B /* Other Frameworks */ = {
			isa = PBXGroup;
			children = (
				0CE31914155C61160070329B /* AppKit.framework */,
				0CE31915155C61160070329B /* CoreData.framework */,
				0CE31916155C61160070329B /* Foundation.framework */,
			);
			name = "Other Frameworks";
			sourceTree = "<group>";
		};
		0CE31917155C61160070329B /* StatusMenu */ = {
			isa = PBXGroup;
			children = (
				0CE31926155C61160070329B /* MainMenu.xib */,
				0CE31923155C61160070329B /* StatusMenuAppDelegate.h */,
				0CE31924155C61160070329B /* StatusMenuAppDelegate.m */,
				0CDE3FBB155DD897001E7360 /* About */,
				0CE31954155C7F1F0070329B /* Preferences */,
				0CE31918155C61160070329B /* Supporting Files */,
				0CE3195E155CBF4A0070329B /* NewNSApplication.h */,
				0CE3195F155CBF4B0070329B /* NewNSApplication.m */,
			);
			path = StatusMenu;
			sourceTree = "<group>";
		};
		0CE31918155C61160070329B /* Supporting Files */ = {
			isa = PBXGroup;
			children = (
				0CE31919155C61160070329B /* StatusMenu-Info.plist */,
				0CE3191A155C61160070329B /* InfoPlist.strings */,
				0CE3191D155C61160070329B /* main.m */,
				0CE3191F155C61160070329B /* StatusMenu-Prefix.pch */,
				0CE31920155C61160070329B /* Credits.rtf */,
			);
			name = "Supporting Files";
			sourceTree = "<group>";
		};
		0CE31934155C61160070329B /* StatusMenuTests */ = {
			isa = PBXGroup;
			children = (
				0CE3193A155C61160070329B /* StatusMenuTests.h */,
				0CE3193C155C61160070329B /* StatusMenuTests.m */,
				0CE31935155C61160070329B /* Supporting Files */,
			);
			path = StatusMenuTests;
			sourceTree = "<group>";
		};
		0CE31935155C61160070329B /* Supporting Files */ = {
			isa = PBXGroup;
			children = (
				0CE31936155C61160070329B /* StatusMenuTests-Info.plist */,
				0CE31937155C61160070329B /* InfoPlist.strings */,
			);
			name = "Supporting Files";
			sourceTree = "<group>";
		};
		0CE31954155C7F1F0070329B /* Preferences */ = {
			isa = PBXGroup;
			children = (
				0CE3194E155C7EB70070329B /* Preferences.xib */,
				0CE31950155C7EE60070329B /* PreferencesController.h */,
				0CE31951155C7EE60070329B /* PreferencesController.m */,
			);
			name = Preferences;
			sourceTree = "<group>";
		};
/* End PBXGroup section */

/* Begin PBXNativeTarget section */
		0CE3190C155C61160070329B /* StatusMenu */ = {
			isa = PBXNativeTarget;
			buildConfigurationList = 0CE31940155C61160070329B /* Build configuration list for PBXNativeTarget "StatusMenu" */;
			buildPhases = (
				0CE31909155C61160070329B /* Sources */,
				0CE3190A155C61160070329B /* Frameworks */,
				0CE3190B155C61160070329B /* Resources */,
			);
			buildRules = (
			);
			dependencies = (
			);
			name = StatusMenu;
			productName = StatusMenu;
			productReference = 0CE3190D155C61160070329B /* StatusMenu.app */;
			productType = "com.apple.product-type.application";
		};
		0CE3192D155C61160070329B /* StatusMenuTests */ = {
			isa = PBXNativeTarget;
			buildConfigurationList = 0CE31943155C61160070329B /* Build configuration list for PBXNativeTarget "StatusMenuTests" */;
			buildPhases = (
				0CE31929155C61160070329B /* Sources */,
				0CE3192A155C61160070329B /* Frameworks */,
				0CE3192B155C61160070329B /* Resources */,
				0CE3192C155C61160070329B /* ShellScript */,
			);
			buildRules = (
			);
			dependencies = (
				0CE31933155C61160070329B /* PBXTargetDependency */,
			);
			name = StatusMenuTests;
			productName = StatusMenuTests;
			productReference = 0CE3192E155C61160070329B /* StatusMenuTests.octest */;
			productType = "com.apple.product-type.bundle";
		};
/* End PBXNativeTarget section */

/* Begin PBXProject section */
		0CE31904155C61150070329B /* Project object */ = {
			isa = PBXProject;
			attributes = {
				LastUpgradeCheck = 0420;
				ORGANIZATIONNAME = "Cyrus Stoller";
			};
			buildConfigurationList = 0CE31907155C61150070329B /* Build configuration list for PBXProject "StatusMenu" */;
			compatibilityVersion = "Xcode 3.2";
			developmentRegion = English;
			hasScannedForEncodings = 0;
			knownRegions = (
				en,
			);
			mainGroup = 0CE31902155C61150070329B;
			productRefGroup = 0CE3190E155C61160070329B /* Products */;
			projectDirPath = "";
			projectRoot = "";
			targets = (
				0CE3190C155C61160070329B /* StatusMenu */,
				0CE3192D155C61160070329B /* StatusMenuTests */,
			);
		};
/* End PBXProject section */

/* Begin PBXResourcesBuildPhase section */
		0CE3190B155C61160070329B /* Resources */ = {
			isa = PBXResourcesBuildPhase;
			buildActionMask = 2147483647;
			files = (
				0CE3191C155C61160070329B /* InfoPlist.strings in Resources */,
				0CE31922155C61160070329B /* Credits.rtf in Resources */,
				0CE31928155C61160070329B /* MainMenu.xib in Resources */,
				0CE3194F155C7EB70070329B /* Preferences.xib in Resources */,
				0CDE3FB7155DD12F001E7360 /* About.xib in Resources */,
				0C08F7AB156458AA008331B7 /* Growl Registration Ticket.growlRegDict in Resources */,
			);
			runOnlyForDeploymentPostprocessing = 0;
		};
		0CE3192B155C61160070329B /* Resources */ = {
			isa = PBXResourcesBuildPhase;
			buildActionMask = 2147483647;
			files = (
				0CE31939155C61160070329B /* InfoPlist.strings in Resources */,
				0CE3193B155C61160070329B /* StatusMenuTests.h in Resources */,
			);
			runOnlyForDeploymentPostprocessing = 0;
		};
/* End PBXResourcesBuildPhase section */

/* Begin PBXShellScriptBuildPhase section */
		0CE3192C155C61160070329B /* ShellScript */ = {
			isa = PBXShellScriptBuildPhase;
			buildActionMask = 2147483647;
			files = (
			);
			inputPaths = (
			);
			outputPaths = (
			);
			runOnlyForDeploymentPostprocessing = 0;
			shellPath = /bin/sh;
			shellScript = "# Run the unit tests in this test bundle.\n\"${SYSTEM_DEVELOPER_DIR}/Tools/RunUnitTests\"\n";
		};
/* End PBXShellScriptBuildPhase section */

/* Begin PBXSourcesBuildPhase section */
		0CE31909155C61160070329B /* Sources */ = {
			isa = PBXSourcesBuildPhase;
			buildActionMask = 2147483647;
			files = (
				0CE3191E155C61160070329B /* main.m in Sources */,
				0CE31925155C61160070329B /* StatusMenuAppDelegate.m in Sources */,
				0CE31952155C7EE60070329B /* PreferencesController.m in Sources */,
				0CE31960155CBF4B0070329B /* NewNSApplication.m in Sources */,
				0CDE3FBA155DD890001E7360 /* AboutController.m in Sources */,
			);
			runOnlyForDeploymentPostprocessing = 0;
		};
		0CE31929155C61160070329B /* Sources */ = {
			isa = PBXSourcesBuildPhase;
			buildActionMask = 2147483647;
			files = (
				0CE3193D155C61160070329B /* StatusMenuTests.m in Sources */,
			);
			runOnlyForDeploymentPostprocessing = 0;
		};
/* End PBXSourcesBuildPhase section */

/* Begin PBXTargetDependency section */
		0CE31933155C61160070329B /* PBXTargetDependency */ = {
			isa = PBXTargetDependency;
			target = 0CE3190C155C61160070329B /* StatusMenu */;
			targetProxy = 0CE31932155C61160070329B /* PBXContainerItemProxy */;
		};
/* End PBXTargetDependency section */

/* Begin PBXVariantGroup section */
		0CE3191A155C61160070329B /* InfoPlist.strings */ = {
			isa = PBXVariantGroup;
			children = (
				0CE3191B155C61160070329B /* en */,
			);
			name = InfoPlist.strings;
			sourceTree = "<group>";
		};
		0CE31920155C61160070329B /* Credits.rtf */ = {
			isa = PBXVariantGroup;
			children = (
				0CE31921155C61160070329B /* en */,
			);
			name = Credits.rtf;
			sourceTree = "<group>";
		};
		0CE31926155C61160070329B /* MainMenu.xib */ = {
			isa = PBXVariantGroup;
			children = (
				0CE31927155C61160070329B /* en */,
			);
			name = MainMenu.xib;
			sourceTree = "<group>";
		};
		0CE31937155C61160070329B /* InfoPlist.strings */ = {
			isa = PBXVariantGroup;
			children = (
				0CE31938155C61160070329B /* en */,
			);
			name = InfoPlist.strings;
			sourceTree = "<group>";
		};
/* End PBXVariantGroup section */

/* Begin XCBuildConfiguration section */
		0CE3193E155C61160070329B /* Debug */ = {
			isa = XCBuildConfiguration;
			buildSettings = {
				ALWAYS_SEARCH_USER_PATHS = NO;
				ARCHS = "$(ARCHS_STANDARD_64_BIT)";
				COPY_PHASE_STRIP = NO;
				GCC_C_LANGUAGE_STANDARD = gnu99;
				GCC_DYNAMIC_NO_PIC = NO;
				GCC_ENABLE_OBJC_EXCEPTIONS = YES;
				GCC_OPTIMIZATION_LEVEL = 0;
				GCC_PREPROCESSOR_DEFINITIONS = (
					"DEBUG=1",
					"$(inherited)",
				);
				GCC_SYMBOLS_PRIVATE_EXTERN = NO;
				GCC_VERSION = "";
				GCC_WARN_64_TO_32_BIT_CONVERSION = YES;
				GCC_WARN_ABOUT_MISSING_PROTOTYPES = YES;
				GCC_WARN_ABOUT_RETURN_TYPE = YES;
				GCC_WARN_UNUSED_VARIABLE = YES;
				MACOSX_DEPLOYMENT_TARGET = 10.6;
				ONLY_ACTIVE_ARCH = YES;
				SDKROOT = macosx;
			};
			name = Debug;
		};
		0CE3193F155C61160070329B /* Release */ = {
			isa = XCBuildConfiguration;
			buildSettings = {
				ALWAYS_SEARCH_USER_PATHS = NO;
				ARCHS = "$(ARCHS_STANDARD_64_BIT)";
				COPY_PHASE_STRIP = YES;
				DEBUG_INFORMATION_FORMAT = "dwarf-with-dsym";
				GCC_C_LANGUAGE_STANDARD = gnu99;
				GCC_ENABLE_OBJC_EXCEPTIONS = YES;
				GCC_VERSION = "";
				GCC_WARN_64_TO_32_BIT_CONVERSION = YES;
				GCC_WARN_ABOUT_MISSING_PROTOTYPES = YES;
				GCC_WARN_ABOUT_RETURN_TYPE = YES;
				GCC_WARN_UNUSED_VARIABLE = YES;
				MACOSX_DEPLOYMENT_TARGET = 10.6;
				SDKROOT = macosx;
			};
			name = Release;
		};
		0CE31941155C61160070329B /* Debug */ = {
			isa = XCBuildConfiguration;
			buildSettings = {
				GCC_PRECOMPILE_PREFIX_HEADER = YES;
				GCC_PREFIX_HEADER = "StatusMenu/StatusMenu-Prefix.pch";
				INFOPLIST_FILE = "StatusMenu/StatusMenu-Info.plist";
				PRODUCT_NAME = "$(TARGET_NAME)";
				WRAPPER_EXTENSION = app;
			};
			name = Debug;
		};
		0CE31942155C61160070329B /* Release */ = {
			isa = XCBuildConfiguration;
			buildSettings = {
				GCC_PRECOMPILE_PREFIX_HEADER = YES;
				GCC_PREFIX_HEADER = "StatusMenu/StatusMenu-Prefix.pch";
				INFOPLIST_FILE = "StatusMenu/StatusMenu-Info.plist";
				PRODUCT_NAME = "$(TARGET_NAME)";
				WRAPPER_EXTENSION = app;
			};
			name = Release;
		};
		0CE31944155C61160070329B /* Debug */ = {
			isa = XCBuildConfiguration;
			buildSettings = {
				BUNDLE_LOADER = "$(BUILT_PRODUCTS_DIR)/StatusMenu.app/Contents/MacOS/StatusMenu";
				FRAMEWORK_SEARCH_PATHS = "$(DEVELOPER_LIBRARY_DIR)/Frameworks";
				GCC_PRECOMPILE_PREFIX_HEADER = YES;
				GCC_PREFIX_HEADER = "StatusMenu/StatusMenu-Prefix.pch";
				INFOPLIST_FILE = "StatusMenuTests/StatusMenuTests-Info.plist";
				PRODUCT_NAME = "$(TARGET_NAME)";
				TEST_HOST = "$(BUNDLE_LOADER)";
				WRAPPER_EXTENSION = octest;
			};
			name = Debug;
		};
		0CE31945155C61160070329B /* Release */ = {
			isa = XCBuildConfiguration;
			buildSettings = {
				BUNDLE_LOADER = "$(BUILT_PRODUCTS_DIR)/StatusMenu.app/Contents/MacOS/StatusMenu";
				FRAMEWORK_SEARCH_PATHS = "$(DEVELOPER_LIBRARY_DIR)/Frameworks";
				GCC_PRECOMPILE_PREFIX_HEADER = YES;
				GCC_PREFIX_HEADER = "StatusMenu/StatusMenu-Prefix.pch";
				INFOPLIST_FILE = "StatusMenuTests/StatusMenuTests-Info.plist";
				PRODUCT_NAME = "$(TARGET_NAME)";
				TEST_HOST = "$(BUNDLE_LOADER)";
				WRAPPER_EXTENSION = octest;
			};
			name = Release;
		};
/* End XCBuildConfiguration section */

/* Begin XCConfigurationList section */
		0CE31907155C61150070329B /* Build configuration list for PBXProject "StatusMenu" */ = {
			isa = XCConfigurationList;
			buildConfigurations = (
				0CE3193E155C61160070329B /* Debug */,
				0CE3193F155C61160070329B /* Release */,
			);
			defaultConfigurationIsVisible = 0;
			defaultConfigurationName = Release;
		};
		0CE31940155C61160070329B /* Build configuration list for PBXNativeTarget "StatusMenu" */ = {
			isa = XCConfigurationList;
			buildConfigurations = (
				0CE31941155C61160070329B /* Debug */,
				0CE31942155C61160070329B /* Release */,
			);
			defaultConfigurationIsVisible = 0;
			defaultConfigurationName = Release;
		};
		0CE31943155C61160070329B /* Build configuration list for PBXNativeTarget "StatusMenuTests" */ = {
			isa = XCConfigurationList;
			buildConfigurations = (
				0CE31944155C61160070329B /* Debug */,
				0CE31945155C61160070329B /* Release */,
			);
			defaultConfigurationIsVisible = 0;
			defaultConfigurationName = Release;
		};
/* End XCConfigurationList section */
	};
	rootObject = 0CE31904155C61150070329B /* Project object */;
}
